
Microsoft Visual Studio Solution File, Format Version 12.00
# Visual Studio Version 16
VisualStudioVersion = 25.0.1706.11
MinimumVisualStudioVersion = 10.0.40219.1
Project("{FAE04EC0-301F-11D3-BF4B-00C04F79EFBC}") = "libreria", "libreria.csproj", "{37484FF3-1039-4B1B-A216-09F140816543}"
EndProject
Global
	GlobalSection(SolutionConfigurationPlatforms) = preSolution
		Debug|Any CPU = Debug|Any CPU
		Release|Any CPU = Release|Any CPU
	EndGlobalSection
	GlobalSection(ProjectConfigurationPlatforms) = postSolution
		{37484FF3-1039-4B1B-A216-09F140816543}.Debug|Any CPU.ActiveCfg = Debug|Any CPU
		{37484FF3-1039-4B1B-A216-09F140816543}.Debug|Any CPU.Build.0 = Debug|Any CPU
		{37484FF3-1039-4B1B-A216-09F140816543}.Release|Any CPU.ActiveCfg = Release|Any CPU
		{37484FF3-1039-4B1B-A216-09F140816543}.Release|Any CPU.Build.0 = Release|Any CPU
	EndGlobalSection
	GlobalSection(SolutionProperties) = preSolution
		HideSolutionNode = FALSE
	EndGlobalSection
	GlobalSection(ExtensibilityGlobals) = postSolution
		SolutionGuid = {42294F4F-27D7-40CD-A668-45C19A54ABDA}
	EndGlobalSection
EndGlobal
